{
  "name": "dev_sandbox.wasm",
  "version": "1.0.0",
  "lockfileVersion": 3,
  "requires": true,
  "packages": {
    "": {
      "name": "dev_sandbox.wasm",
      "version": "1.0.0",
      "license": "ISC",
      "dependencies": {
        "dev_sandbox.wasm": "file:"
      }
    },
    "node_modules/dev_sandbox.wasm": {
      "resolved": "",
      "link": true
    }
  }
}
